# This file is automatically @generated by Cargo.
# It is not intended for manual editing.
version = 4

[[package]]
name = "cli"
version = "0.1.0"
dependencies = [
 "se-cvp",
 "se-sat",
 "se-stcon",
 "se-tqbf",
]

[[package]]
name = "logic"
version = "0.1.0"

[[package]]
name = "parser"
version = "0.1.0"
dependencies = [
 "logic",
]

[[package]]
name = "se-cvp"
version = "0.1.0"
dependencies = [
 "logic",
]

[[package]]
name = "se-sat"
version = "0.1.0"
dependencies = [
 "logic",
]

[[package]]
name = "se-stcon"
version = "0.1.0"
dependencies = [
 "logic",
]

[[package]]
name = "se-tqbf"
version = "0.1.0"
dependencies = [
 "logic",
]
